// !$*UTF8*$!
{
	archiveVersion = 1;
	classes = {
	};
	objectVersion = 51;
	objects = {

/* Begin PBXBuildFile section */
		703BB578246B40E800C8029F /* SecondViewController.swift in Sources */ = {isa = PBXBuildFile; fileRef = 703BB577246B40E800C8029F /* SecondViewController.swift */; };
		7097B5A7245DA0FA0058635B /* AppDelegate.swift in Sources */ = {isa = PBXBuildFile; fileRef = 7097B5A6245DA0FA0058635B /* AppDelegate.swift */; };
		7097B5A9245DA0FA0058635B /* SceneDelegate.swift in Sources */ = {isa = PBXBuildFile; fileRef = 7097B5A8245DA0FA0058635B /* SceneDelegate.swift */; };
		7097B5AB245DA0FA0058635B /* ViewController.swift in Sources */ = {isa = PBXBuildFile; fileRef = 7097B5AA245DA0FA0058635B /* ViewController.swift */; };
		7097B5AE245DA0FA0058635B /* Main.storyboard in Resources */ = {isa = PBXBuildFile; fileRef = 7097B5AC245DA0FA0058635B /* Main.storyboard */; };
		7097B5B0245DA0FC0058635B /* Assets.xcassets in Resources */ = {isa = PBXBuildFile; fileRef = 7097B5AF245DA0FC0058635B /* Assets.xcassets */; };
		7097B5B3245DA0FC0058635B /* LaunchScreen.storyboard in Resources */ = {isa = PBXBuildFile; fileRef = 7097B5B1245DA0FC0058635B /* LaunchScreen.storyboard */; };
		70DC71A62462799D002DDE74 /* GoogleService-Info.plist in Resources */ = {isa = PBXBuildFile; fileRef = 70DC71A52462799C002DDE74 /* GoogleService-Info.plist */; };
		9DD96583902D2D4A6FDE9FFC /* Pods_FirebaseHomework.framework in Frameworks */ = {isa = PBXBuildFile; fileRef = 0B80905F94DB2942B7A2B664 /* Pods_FirebaseHomework.framework */; };
/* End PBXBuildFile section */

/* Begin PBXFileReference section */
		0B80905F94DB2942B7A2B664 /* Pods_FirebaseHomework.framework */ = {isa = PBXFileReference; explicitFileType = wrapper.framework; includeInIndex = 0; path = Pods_FirebaseHomework.framework; sourceTree = BUILT_PRODUCTS_DIR; };
		33C3C4CBC46FA062980A75ED /* Pods-FirebaseHomework.debug.xcconfig */ = {isa = PBXFileReference; includeInIndex = 1; lastKnownFileType = text.xcconfig; name = "Pods-FirebaseHomework.debug.xcconfig"; path = "Target Support Files/Pods-FirebaseHomework/Pods-FirebaseHomework.debug.xcconfig"; sourceTree = "<group>"; };
		703BB577246B40E800C8029F /* SecondViewController.swift */ = {isa = PBXFileReference; lastKnownFileType = sourcecode.swift; path = SecondViewController.swift; sourceTree = "<group>"; };
		7097B5A3245DA0FA0058635B /* FirebaseHomework.app */ = {isa = PBXFileReference; explicitFileType = wrapper.application; includeInIndex = 0; path = FirebaseHomework.app; sourceTree = BUILT_PRODUCTS_DIR; };
		7097B5A6245DA0FA0058635B /* AppDelegate.swift */ = {isa = PBXFileReference; lastKnownFileType = sourcecode.swift; path = AppDelegate.swift; sourceTree = "<group>"; };
		7097B5A8245DA0FA0058635B /* SceneDelegate.swift */ = {isa = PBXFileReference; lastKnownFileType = sourcecode.swift; path = SceneDelegate.swift; sourceTree = "<group>"; };
		7097B5AA245DA0FA0058635B /* ViewController.swift */ = {isa = PBXFileReference; lastKnownFileType = sourcecode.swift; path = ViewController.swift; sourceTree = "<group>"; };
		7097B5AD245DA0FA0058635B /* Base */ = {isa = PBXFileReference; lastKnownFileType = file.storyboard; name = Base; path = Base.lproj/Main.storyboard; sourceTree = "<group>"; };
		7097B5AF245DA0FC0058635B /* Assets.xcassets */ = {isa = PBXFileReference; lastKnownFileType = folder.assetcatalog; path = Assets.xcassets; sourceTree = "<group>"; };
		7097B5B2245DA0FC0058635B /* Base */ = {isa = PBXFileReference; lastKnownFileType = file.storyboard; name = Base; path = Base.lproj/LaunchScreen.storyboard; sourceTree = "<group>"; };
		7097B5B4245DA0FC0058635B /* Info.plist */ = {isa = PBXFileReference; lastKnownFileType = text.plist.xml; path = Info.plist; sourceTree = "<group>"; };
		70DC71A52462799C002DDE74 /* GoogleService-Info.plist */ = {isa = PBXFileReference; fileEncoding = 4; lastKnownFileType = text.plist.xml; path = "GoogleService-Info.plist"; sourceTree = "<group>"; };
		F8DA39DCDBC8E1BA44B80648 /* Pods-FirebaseHomework.release.xcconfig */ = {isa = PBXFileReference; includeInIndex = 1; lastKnownFileType = text.xcconfig; name = "Pods-FirebaseHomework.release.xcconfig"; path = "Target Support Files/Pods-FirebaseHomework/Pods-FirebaseHomework.release.xcconfig"; sourceTree = "<group>"; };
/* End PBXFileReference section */

/* Begin PBXFrameworksBuildPhase section */
		7097B5A0245DA0FA0058635B /* Frameworks */ = {
			isa = PBXFrameworksBuildPhase;
			buildActionMask = 2147483647;
			files = (
				9DD96583902D2D4A6FDE9FFC /* Pods_FirebaseHomework.framework in Frameworks */,
			);
			runOnlyForDeploymentPostprocessing = 0;
		};
/* End PBXFrameworksBuildPhase section */

/* Begin PBXGroup section */
		7097B59A245DA0FA0058635B = {
			isa = PBXGroup;
			children = (
				7097B5A5245DA0FA0058635B /* FirebaseHomework */,
				7097B5A4245DA0FA0058635B /* Products */,
				8039ACEFBD651A5BCFA11D42 /* Pods */,
				D15369BCBDDEA98BF354229C /* Frameworks */,
			);
			sourceTree = "<group>";
		};
		7097B5A4245DA0FA0058635B /* Products */ = {
			isa = PBXGroup;
			children = (
				7097B5A3245DA0FA0058635B /* FirebaseHomework.app */,
			);
			name = Products;
			sourceTree = "<group>";
		};
		7097B5A5245DA0FA0058635B /* FirebaseHomework */ = {
			isa = PBXGroup;
			children = (
				70DC71A52462799C002DDE74 /* GoogleService-Info.plist */,
				7097B5A6245DA0FA0058635B /* AppDelegate.swift */,
				7097B5A8245DA0FA0058635B /* SceneDelegate.swift */,
				7097B5AA245DA0FA0058635B /* ViewController.swift */,
				7097B5AC245DA0FA0058635B /* Main.storyboard */,
				703BB577246B40E800C8029F /* SecondViewController.swift */,
				7097B5AF245DA0FC0058635B /* Assets.xcassets */,
				7097B5B1245DA0FC0058635B /* LaunchScreen.storyboard */,
				7097B5B4245DA0FC0058635B /* Info.plist */,
			);
			path = FirebaseHomework;
			sourceTree = "<group>";
		};
		8039ACEFBD651A5BCFA11D42 /* Pods */ = {
			isa = PBXGroup;
			children = (
				33C3C4CBC46FA062980A75ED /* Pods-FirebaseHomework.debug.xcconfig */,
				F8DA39DCDBC8E1BA44B80648 /* Pods-FirebaseHomework.release.xcconfig */,
			);
			path = Pods;
			sourceTree = "<group>";
		};
		D15369BCBDDEA98BF354229C /* Frameworks */ = {
			isa = PBXGroup;
			children = (
				0B80905F94DB2942B7A2B664 /* Pods_FirebaseHomework.framework */,
			);
			name = Frameworks;
			sourceTree = "<group>";
		};
/* End PBXGroup section */

/* Begin PBXNativeTarget section */
		7097B5A2245DA0FA0058635B /* FirebaseHomework */ = {
			isa = PBXNativeTarget;
			buildConfigurationList = 7097B5B7245DA0FC0058635B /* Build configuration list for PBXNativeTarget "FirebaseHomework" */;
			buildPhases = (
				ADAC5BC49CF88C76292592E7 /* [CP] Check Pods Manifest.lock */,
				7097B59F245DA0FA0058635B /* Sources */,
				7097B5A0245DA0FA0058635B /* Frameworks */,
				7097B5A1245DA0FA0058635B /* Resources */,
				9B31FD4F821B0A40420937CA /* [CP] Embed Pods Frameworks */,
			);
			buildRules = (
			);
			dependencies = (
			);
			name = FirebaseHomework;
			productName = FirebaseHomework;
			productReference = 7097B5A3245DA0FA0058635B /* FirebaseHomework.app */;
			productType = "com.apple.product-type.application";
		};
/* End PBXNativeTarget section */

/* Begin PBXProject section */
		7097B59B245DA0FA0058635B /* Project object */ = {
			isa = PBXProject;
			attributes = {
				LastSwiftUpdateCheck = 1140;
				LastUpgradeCheck = 1140;
				ORGANIZATIONNAME = "Rihards Zīverts";
				TargetAttributes = {
					7097B5A2245DA0FA0058635B = {
						CreatedOnToolsVersion = 11.4;
					};
				};
			};
			buildConfigurationList = 7097B59E245DA0FA0058635B /* Build configuration list for PBXProject "FirebaseHomework" */;
			compatibilityVersion = "Xcode 9.3";
			developmentRegion = en;
			hasScannedForEncodings = 0;
			knownRegions = (
				en,
				Base,
			);
			mainGroup = 7097B59A245DA0FA0058635B;
			productRefGroup = 7097B5A4245DA0FA0058635B /* Products */;
			projectDirPath = "";
			projectRoot = "";
			targets = (
				7097B5A2245DA0FA0058635B /* FirebaseHomework */,
			);
		};
/* End PBXProject section */

/* Begin PBXResourcesBuildPhase section */
		7097B5A1245DA0FA0058635B /* Resources */ = {
			isa = PBXResourcesBuildPhase;
			buildActionMask = 2147483647;
			files = (
				7097B5B3245DA0FC0058635B /* LaunchScreen.storyboard in Resources */,
				70DC71A62462799D002DDE74 /* GoogleService-Info.plist in Resources */,
				7097B5B0245DA0FC0058635B /* Assets.xcassets in Resources */,
				7097B5AE245DA0FA0058635B /* Main.storyboard in Resources */,
			);
			runOnlyForDeploymentPostprocessing = 0;
		};
/* End PBXResourcesBuildPhase section */

/* Begin PBXShellScriptBuildPhase section */
		9B31FD4F821B0A40420937CA /* [CP] Embed Pods Frameworks */ = {
			isa = PBXShellScriptBuildPhase;
			buildActionMask = 2147483647;
			files = (
			);
			inputFileListPaths = (
				"${PODS_ROOT}/Target Support Files/Pods-FirebaseHomework/Pods-FirebaseHomework-frameworks-${CONFIGURATION}-input-files.xcfilelist",
			);
			name = "[CP] Embed Pods Frameworks";
			outputFileListPaths = (
				"${PODS_ROOT}/Target Support Files/Pods-FirebaseHomework/Pods-FirebaseHomework-frameworks-${CONFIGURATION}-output-files.xcfilelist",
			);
			runOnlyForDeploymentPostprocessing = 0;
			shellPath = /bin/sh;
			shellScript = "\"${PODS_ROOT}/Target Support Files/Pods-FirebaseHomework/Pods-FirebaseHomework-frameworks.sh\"\n";
			showEnvVarsInLog = 0;
		};
		ADAC5BC49CF88C76292592E7 /* [CP] Check Pods Manifest.lock */ = {
			isa = PBXShellScriptBuildPhase;
			buildActionMask = 2147483647;
			files = (
			);
			inputFileListPaths = (
			);
			inputPaths = (
				"${PODS_PODFILE_DIR_PATH}/Podfile.lock",
				"${PODS_ROOT}/Manifest.lock",
			);
			name = "[CP] Check Pods Manifest.lock";
			outputFileListPaths = (
			);
			outputPaths = (
				"$(DERIVED_FILE_DIR)/Pods-FirebaseHomework-checkManifestLockResult.txt",
			);
			runOnlyForDeploymentPostprocessing = 0;
			shellPath = /bin/sh;
			shellScript = "diff \"${PODS_PODFILE_DIR_PATH}/Podfile.lock\" \"${PODS_ROOT}/Manifest.lock\" > /dev/null\nif [ $? != 0 ] ; then\n    # print error to STDERR\n    echo \"error: The sandbox is not in sync with the Podfile.lock. Run 'pod install' or update your CocoaPods installation.\" >&2\n    exit 1\nfi\n# This output is used by Xcode 'outputs' to avoid re-running this script phase.\necho \"SUCCESS\" > \"${SCRIPT_OUTPUT_FILE_0}\"\n";
			showEnvVarsInLog = 0;
		};
/* End PBXShellScriptBuildPhase section */

/* Begin PBXSourcesBuildPhase section */
		7097B59F245DA0FA0058635B /* Sources */ = {
			isa = PBXSourcesBuildPhase;
			buildActionMask = 2147483647;
			files = (
				703BB578246B40E800C8029F /* SecondViewController.swift in Sources */,
				7097B5AB245DA0FA0058635B /* ViewController.swift in Sources */,
				7097B5A7245DA0FA0058635B /* AppDelegate.swift in Sources */,
				7097B5A9245DA0FA0058635B /* SceneDelegate.swift in Sources */,
			);
			runOnlyForDeploymentPostprocessing = 0;
		};
/* End PBXSourcesBuildPhase section */

/* Begin PBXVariantGroup section */
		7097B5AC245DA0FA0058635B /* Main.storyboard */ = {
			isa = PBXVariantGroup;
			children = (
				7097B5AD245DA0FA0058635B /* Base */,
			);
			name = Main.storyboard;
			sourceTree = "<group>";
		};
		7097B5B1245DA0FC0058635B /* LaunchScreen.storyboard */ = {
			isa = PBXVariantGroup;
			children = (
				7097B5B2245DA0FC0058635B /* Base */,
			);
			name = LaunchScreen.storyboard;
			sourceTree = "<group>";
		};
/* End PBXVariantGroup section */

/* Begin XCBuildConfiguration section */
		7097B5B5245DA0FC0058635B /* Debug */ = {
			isa = XCBuildConfiguration;
			buildSettings = {
				ALWAYS_SEARCH_USER_PATHS = NO;
				CLANG_ANALYZER_NONNULL = YES;
				CLANG_ANALYZER_NUMBER_OBJECT_CONVERSION = YES_AGGRESSIVE;
				CLANG_CXX_LANGUAGE_STANDARD = "gnu++14";
				CLANG_CXX_LIBRARY = "libc++";
				CLANG_ENABLE_MODULES = YES;
				CLANG_ENABLE_OBJC_ARC = YES;
				CLANG_ENABLE_OBJC_WEAK = YES;
				CLANG_WARN_BLOCK_CAPTURE_AUTORELEASING = YES;
				CLANG_WARN_BOOL_CONVERSION = YES;
				CLANG_WARN_COMMA = YES;
				CLANG_WARN_CONSTANT_CONVERSION = YES;
				CLANG_WARN_DEPRECATED_OBJC_IMPLEMENTATIONS = YES;
				CLANG_WARN_DIRECT_OBJC_ISA_USAGE = YES_ERROR;
				CLANG_WARN_DOCUMENTATION_COMMENTS = YES;
				CLANG_WARN_EMPTY_BODY = YES;
				CLANG_WARN_ENUM_CONVERSION = YES;
				CLANG_WARN_INFINITE_RECURSION = YES;
				CLANG_WARN_INT_CONVERSION = YES;
				CLANG_WARN_NON_LITERAL_NULL_CONVERSION = YES;
				CLANG_WARN_OBJC_IMPLICIT_RETAIN_SELF = YES;
				CLANG_WARN_OBJC_LITERAL_CONVERSION = YES;
				CLANG_WARN_OBJC_ROOT_CLASS = YES_ERROR;
				CLANG_WARN_RANGE_LOOP_ANALYSIS = YES;
				CLANG_WARN_STRICT_PROTOTYPES = YES;
				CLANG_WARN_SUSPICIOUS_MOVE = YES;
				CLANG_WARN_UNGUARDED_AVAILABILITY = YES_AGGRESSIVE;
				CLANG_WARN_UNREACHABLE_CODE = YES;
				CLANG_WARN__DUPLICATE_METHOD_MATCH = YES;
				COPY_PHASE_STRIP = NO;
				DEBUG_INFORMATION_FORMAT = dwarf;
				ENABLE_STRICT_OBJC_MSGSEND = YES;
				ENABLE_TESTABILITY = YES;
				GCC_C_LANGUAGE_STANDARD = gnu11;
				GCC_DYNAMIC_NO_PIC = NO;
				GCC_NO_COMMON_BLOCKS = YES;
				GCC_OPTIMIZATION_LEVEL = 0;
				GCC_PREPROCESSOR_DEFINITIONS = (
					"DEBUG=1",
					"$(inherited)",
				);
				GCC_WARN_64_TO_32_BIT_CONVERSION = YES;
				GCC_WARN_ABOUT_RETURN_TYPE = YES_ERROR;
				GCC_WARN_UNDECLARED_SELECTOR = YES;
				GCC_WARN_UNINITIALIZED_AUTOS = YES_AGGRESSIVE;
				GCC_WARN_UNUSED_FUNCTION = YES;
				GCC_WARN_UNUSED_VARIABLE = YES;
				IPHONEOS_DEPLOYMENT_TARGET = 13.4;
				MTL_ENABLE_DEBUG_INFO = INCLUDE_SOURCE;
				MTL_FAST_MATH = YES;
				ONLY_ACTIVE_ARCH = YES;
				SDKROOT = iphoneos;
				SWIFT_ACTIVE_COMPILATION_CONDITIONS = DEBUG;
				SWIFT_OPTIMIZATION_LEVEL = "-Onone";
			};
			name = Debug;
		};
		7097B5B6245DA0FC0058635B /* Release */ = {
			isa = XCBuildConfiguration;
			buildSettings = {
				ALWAYS_SEARCH_USER_PATHS = NO;
				CLANG_ANALYZER_NONNULL = YES;
				CLANG_ANALYZER_NUMBER_OBJECT_CONVERSION = YES_AGGRESSIVE;
				CLANG_CXX_LANGUAGE_STANDARD = "gnu++14";
				CLANG_CXX_LIBRARY = "libc++";
				CLANG_ENABLE_MODULES = YES;
				CLANG_ENABLE_OBJC_ARC = YES;
				CLANG_ENABLE_OBJC_WEAK = YES;
				CLANG_WARN_BLOCK_CAPTURE_AUTORELEASING = YES;
				CLANG_WARN_BOOL_CONVERSION = YES;
				CLANG_WARN_COMMA = YES;
				CLANG_WARN_CONSTANT_CONVERSION = YES;
				CLANG_WARN_DEPRECATED_OBJC_IMPLEMENTATIONS = YES;
				CLANG_WARN_DIRECT_OBJC_ISA_USAGE = YES_ERROR;
				CLANG_WARN_DOCUMENTATION_COMMENTS = YES;
				CLANG_WARN_EMPTY_BODY = YES;
				CLANG_WARN_ENUM_CONVERSION = YES;
				CLANG_WARN_INFINITE_RECURSION = YES;
				CLANG_WARN_INT_CONVERSION = YES;
				CLANG_WARN_NON_LITERAL_NULL_CONVERSION = YES;
				CLANG_WARN_OBJC_IMPLICIT_RETAIN_SELF = YES;
				CLANG_WARN_OBJC_LITERAL_CONVERSION = YES;
				CLANG_WARN_OBJC_ROOT_CLASS = YES_ERROR;
				CLANG_WARN_RANGE_LOOP_ANALYSIS = YES;
				CLANG_WARN_STRICT_PROTOTYPES = YES;
				CLANG_WARN_SUSPICIOUS_MOVE = YES;
				CLANG_WARN_UNGUARDED_AVAILABILITY = YES_AGGRESSIVE;
				CLANG_WARN_UNREACHABLE_CODE = YES;
				CLANG_WARN__DUPLICATE_METHOD_MATCH = YES;
				COPY_PHASE_STRIP = NO;
				DEBUG_INFORMATION_FORMAT = "dwarf-with-dsym";
				ENABLE_NS_ASSERTIONS = NO;
				ENABLE_STRICT_OBJC_MSGSEND = YES;
				GCC_C_LANGUAGE_STANDARD = gnu11;
				GCC_NO_COMMON_BLOCKS = YES;
				GCC_WARN_64_TO_32_BIT_CONVERSION = YES;
				GCC_WARN_ABOUT_RETURN_TYPE = YES_ERROR;
				GCC_WARN_UNDECLARED_SELECTOR = YES;
				GCC_WARN_UNINITIALIZED_AUTOS = YES_AGGRESSIVE;
				GCC_WARN_UNUSED_FUNCTION = YES;
				GCC_WARN_UNUSED_VARIABLE = YES;
				IPHONEOS_DEPLOYMENT_TARGET = 13.4;
				MTL_ENABLE_DEBUG_INFO = NO;
				MTL_FAST_MATH = YES;
				SDKROOT = iphoneos;
				SWIFT_COMPILATION_MODE = wholemodule;
				SWIFT_OPTIMIZATION_LEVEL = "-O";
				VALIDATE_PRODUCT = YES;
			};
			name = Release;
		};
		7097B5B8245DA0FC0058635B /* Debug */ = {
			isa = XCBuildConfiguration;
			baseConfigurationReference = 33C3C4CBC46FA062980A75ED /* Pods-FirebaseHomework.debug.xcconfig */;
			buildSettings = {
				ASSETCATALOG_COMPILER_APPICON_NAME = AppIcon;
				CODE_SIGN_STYLE = Automatic;
				DEVELOPMENT_TEAM = 29YSR2FRVP;
				INFOPLIST_FILE = FirebaseHomework/Info.plist;
				LD_RUNPATH_SEARCH_PATHS = (
					"$(inherited)",
					"@executable_path/Frameworks",
				);
				PRODUCT_BUNDLE_IDENTIFIER = richzii.FirebaseHomework;
				PRODUCT_NAME = "$(TARGET_NAME)";
				SWIFT_VERSION = 5.0;
				TARGETED_DEVICE_FAMILY = "1,2";
			};
			name = Debug;
		};
		7097B5B9245DA0FC0058635B /* Release */ = {
			isa = XCBuildConfiguration;
			baseConfigurationReference = F8DA39DCDBC8E1BA44B80648 /* Pods-FirebaseHomework.release.xcconfig */;
			buildSettings = {
				ASSETCATALOG_COMPILER_APPICON_NAME = AppIcon;
				CODE_SIGN_STYLE = Automatic;
				DEVELOPMENT_TEAM = 29YSR2FRVP;
				INFOPLIST_FILE = FirebaseHomework/Info.plist;
				LD_RUNPATH_SEARCH_PATHS = (
					"$(inherited)",
					"@executable_path/Frameworks",
				);
				PRODUCT_BUNDLE_IDENTIFIER = richzii.FirebaseHomework;
				PRODUCT_NAME = "$(TARGET_NAME)";
				SWIFT_VERSION = 5.0;
				TARGETED_DEVICE_FAMILY = "1,2";
			};
			name = Release;
		};
/* End XCBuildConfiguration section */

/* Begin XCConfigurationList section */
		7097B59E245DA0FA0058635B /* Build configuration list for PBXProject "FirebaseHomework" */ = {
			isa = XCConfigurationList;
			buildConfigurations = (
				7097B5B5245DA0FC0058635B /* Debug */,
				7097B5B6245DA0FC0058635B /* Release */,
			);
			defaultConfigurationIsVisible = 0;
			defaultConfigurationName = Release;
		};
		7097B5B7245DA0FC0058635B /* Build configuration list for PBXNativeTarget "FirebaseHomework" */ = {
			isa = XCConfigurationList;
			buildConfigurations = (
				7097B5B8245DA0FC0058635B /* Debug */,
				7097B5B9245DA0FC0058635B /* Release */,
			);
			defaultConfigurationIsVisible = 0;
			defaultConfigurationName = Release;
		};
/* End XCConfigurationList section */
	};
	rootObject = 7097B59B245DA0FA0058635B /* Project object */;
}
